
Microsoft Visual Studio Solution File, Format Version 12.00
# Visual Studio 15
Project("{FAE04EC0-301F-11D3-BF4B-00C04F79EFBC}") = "Assembly-CSharp", "Assembly-CSharp.csproj", "{0F53D597-5CDC-FD4C-1B09-C31087BB19EB}"
EndProject
Project("{FAE04EC0-301F-11D3-BF4B-00C04F79EFBC}") = "Assembly-CSharp-Editor", "Assembly-CSharp-Editor.csproj", "{1F2F0652-8668-8A06-57E5-A32846383A01}"
EndProject
Global
	GlobalSection(SolutionConfigurationPlatforms) = preSolution
		Debug|Any CPU = Debug|Any CPU
		Release|Any CPU = Release|Any CPU
	EndGlobalSection
	GlobalSection(ProjectConfigurationPlatforms) = postSolution
		{0F53D597-5CDC-FD4C-1B09-C31087BB19EB}.Debug|Any CPU.ActiveCfg = Debug|Any CPU
		{0F53D597-5CDC-FD4C-1B09-C31087BB19EB}.Debug|Any CPU.Build.0 = Debug|Any CPU
		{0F53D597-5CDC-FD4C-1B09-C31087BB19EB}.Release|Any CPU.ActiveCfg = Release|Any CPU
		{0F53D597-5CDC-FD4C-1B09-C31087BB19EB}.Release|Any CPU.Build.0 = Release|Any CPU
		{1F2F0652-8668-8A06-57E5-A32846383A01}.Debug|Any CPU.ActiveCfg = Debug|Any CPU
		{1F2F0652-8668-8A06-57E5-A32846383A01}.Debug|Any CPU.Build.0 = Debug|Any CPU
		{1F2F0652-8668-8A06-57E5-A32846383A01}.Release|Any CPU.ActiveCfg = Release|Any CPU
		{1F2F0652-8668-8A06-57E5-A32846383A01}.Release|Any CPU.Build.0 = Release|Any CPU
	EndGlobalSection
	GlobalSection(SolutionProperties) = preSolution
		HideSolutionNode = FALSE
	EndGlobalSection
EndGlobal
